{
  "name": "node_read_write_json",
  "version": "1.0.0",
  "lockfileVersion": 1,
  "requires": true,
  "dependencies": {
    "handy-storage": {
      "version": "2.1.6",
      "resolved": "https://registry.npmjs.org/handy-storage/-/handy-storage-2.1.6.tgz",
      "integrity": "sha512-N+3LQjiOAUOtBYqOY8oBwo/S5t/dsiq+U72BEUp+DC0hxLsSuSyEXGekXLJm6O8cjZJe3W3RnH1x1Ym/n+HHXA==",
      "requires": {
        "json-beautify": "^1.0.1"
      }
    },
    "json-beautify": {
      "version": "1.1.1",
      "resolved": "https://registry.npmjs.org/json-beautify/-/json-beautify-1.1.1.tgz",
      "integrity": "sha512-17j+Hk2lado0xqKtUcyAjK0AtoHnPSIgktWRsEXgdFQFG9UnaGw6CHa0J7xsvulxRpFl6CrkDFHght1p5ZJc4A=="
    }
  }
}
